{
  "object": {
    "pins": [
      {
        "package": "CombineExt",
        "repositoryURL": "https://github.com/CombineCommunity/CombineExt.git",
        "state": {
          "branch": null,
          "revision": "0880829102152185190064fd17847a7c681d2127",
          "version": "1.5.1"
        }
      }
    ]
  },
  "version": 1
}
